
Microsoft Visual Studio Solution File, Format Version 12.00
# Visual Studio Express 2012 for Web
Project("{FAE04EC0-301F-11D3-BF4B-00C04F79EFBC}") = "BauerRobotTest", "BauerRobotTest\BauerRobotTest.csproj", "{3D3835E0-6E32-497D-8EC3-2E1405E228DE}"
EndProject
Project("{FAE04EC0-301F-11D3-BF4B-00C04F79EFBC}") = "BauerRobotTest_Test", "BauerRobotTest_Test\BauerRobotTest_Test.csproj", "{158F55D7-7B0F-40CF-A0BE-92642E9B13ED}"
EndProject
Global
	GlobalSection(SolutionConfigurationPlatforms) = preSolution
		Debug|Any CPU = Debug|Any CPU
		Release|Any CPU = Release|Any CPU
	EndGlobalSection
	GlobalSection(ProjectConfigurationPlatforms) = postSolution
		{3D3835E0-6E32-497D-8EC3-2E1405E228DE}.Debug|Any CPU.ActiveCfg = Debug|Any CPU
		{3D3835E0-6E32-497D-8EC3-2E1405E228DE}.Debug|Any CPU.Build.0 = Debug|Any CPU
		{3D3835E0-6E32-497D-8EC3-2E1405E228DE}.Release|Any CPU.ActiveCfg = Release|Any CPU
		{3D3835E0-6E32-497D-8EC3-2E1405E228DE}.Release|Any CPU.Build.0 = Release|Any CPU
		{158F55D7-7B0F-40CF-A0BE-92642E9B13ED}.Debug|Any CPU.ActiveCfg = Debug|Any CPU
		{158F55D7-7B0F-40CF-A0BE-92642E9B13ED}.Debug|Any CPU.Build.0 = Debug|Any CPU
		{158F55D7-7B0F-40CF-A0BE-92642E9B13ED}.Release|Any CPU.ActiveCfg = Release|Any CPU
		{158F55D7-7B0F-40CF-A0BE-92642E9B13ED}.Release|Any CPU.Build.0 = Release|Any CPU
	EndGlobalSection
	GlobalSection(SolutionProperties) = preSolution
		HideSolutionNode = FALSE
	EndGlobalSection
EndGlobal
